// !$*UTF8*$!
{
	archiveVersion = 1;
	classes = {
	};
	objectVersion = 48;
	objects = {

/* Begin PBXFileReference section */
		45B08674203C8AB100755D32 /* Makefile.am */ = {isa = PBXFileReference; lastKnownFileType = text; path = Makefile.am; sourceTree = "<group>"; };
		45B08675203C8AB100755D32 /* shell.cpp */ = {isa = PBXFileReference; lastKnownFileType = sourcecode.cpp.cpp; path = shell.cpp; sourceTree = "<group>"; };
		45B08676203C8AB100755D32 /* shell_batch.cpp */ = {isa = PBXFileReference; lastKnownFileType = sourcecode.cpp.cpp; path = shell_batch.cpp; sourceTree = "<group>"; };
		45B08677203C8AB100755D32 /* shell_cmds.cpp */ = {isa = PBXFileReference; lastKnownFileType = sourcecode.cpp.cpp; path = shell_cmds.cpp; sourceTree = "<group>"; };
		45B08678203C8AB100755D32 /* shell_misc.cpp */ = {isa = PBXFileReference; lastKnownFileType = sourcecode.cpp.cpp; path = shell_misc.cpp; sourceTree = "<group>"; };
/* End PBXFileReference section */

/* Begin PBXGroup section */
		45B0866E203C8AB100755D32 = {
			isa = PBXGroup;
			children = (
				45B08674203C8AB100755D32 /* Makefile.am */,
				45B08675203C8AB100755D32 /* shell.cpp */,
				45B08676203C8AB100755D32 /* shell_batch.cpp */,
				45B08677203C8AB100755D32 /* shell_cmds.cpp */,
				45B08678203C8AB100755D32 /* shell_misc.cpp */,
			);
			sourceTree = "<group>";
		};
/* End PBXGroup section */

/* Begin PBXLegacyTarget section */
		45B08673203C8AB100755D32 /* shell */ = {
			isa = PBXLegacyTarget;
			buildArgumentsString = "$(ACTION)";
			buildConfigurationList = 45B08679203C8AB100755D32 /* Build configuration list for PBXLegacyTarget "shell" */;
			buildPhases = (
			);
			buildToolPath = /usr/bin/make;
			buildWorkingDirectory = "/Users/Home1/Documents/DosBox-for-Chuck-Jones-Space-Cop-of-the-Future/src/shell";
			dependencies = (
			);
			name = shell;
			passBuildSettingsInEnvironment = 1;
			productName = shell;
		};
/* End PBXLegacyTarget section */

/* Begin PBXProject section */
		45B0866F203C8AB100755D32 /* Project object */ = {
			isa = PBXProject;
			attributes = {
			};
			buildConfigurationList = 45B08672203C8AB100755D32 /* Build configuration list for PBXProject "shell" */;
			compatibilityVersion = "Xcode 8.0";
			developmentRegion = en;
			hasScannedForEncodings = 0;
			knownRegions = (
				en,
			);
			mainGroup = 45B0866E203C8AB100755D32;
			projectDirPath = "";
			projectRoot = "";
			targets = (
				45B08673203C8AB100755D32 /* shell */,
			);
		};
/* End PBXProject section */

/* Begin XCBuildConfiguration section */
		45B08670203C8AB100755D32 /* Debug */ = {
			isa = XCBuildConfiguration;
			buildSettings = {
				ARCHS = "$(ARCHS_STANDARD_32_BIT)";
				COPY_PHASE_STRIP = NO;
				GCC_WARN_ABOUT_RETURN_TYPE = YES;
				GCC_WARN_UNUSED_VARIABLE = YES;
				ONLY_ACTIVE_ARCH = YES;
				SDKROOT = macosx10.6;
			};
			name = Debug;
		};
		45B08671203C8AB100755D32 /* Release */ = {
			isa = XCBuildConfiguration;
			buildSettings = {
				ARCHS = "$(ARCHS_STANDARD_32_BIT)";
				COPY_PHASE_STRIP = YES;
				GCC_WARN_ABOUT_RETURN_TYPE = YES;
				GCC_WARN_UNUSED_VARIABLE = YES;
				SDKROOT = macosx10.6;
			};
			name = Release;
		};
		45B0867A203C8AB100755D32 /* Debug */ = {
			isa = XCBuildConfiguration;
			buildSettings = {
				COPY_PHASE_STRIP = NO;
				DEBUGGING_SYMBOLS = YES;
				GCC_DYNAMIC_NO_PIC = NO;
				GCC_ENABLE_FIX_AND_CONTINUE = YES;
				GCC_GENERATE_DEBUGGING_SYMBOLS = YES;
				GCC_OPTIMIZATION_LEVEL = 0;
				OTHER_CFLAGS = "";
				OTHER_LDFLAGS = "";
				PRODUCT_NAME = shell;
			};
			name = Debug;
		};
		45B0867B203C8AB100755D32 /* Release */ = {
			isa = XCBuildConfiguration;
			buildSettings = {
				COPY_PHASE_STRIP = YES;
				DEBUG_INFORMATION_FORMAT = "dwarf-with-dsym";
				GCC_ENABLE_FIX_AND_CONTINUE = NO;
				OTHER_CFLAGS = "";
				OTHER_LDFLAGS = "";
				PRODUCT_NAME = shell;
			};
			name = Release;
		};
/* End XCBuildConfiguration section */

/* Begin XCConfigurationList section */
		45B08672203C8AB100755D32 /* Build configuration list for PBXProject "shell" */ = {
			isa = XCConfigurationList;
			buildConfigurations = (
				45B08670203C8AB100755D32 /* Debug */,
				45B08671203C8AB100755D32 /* Release */,
			);
			defaultConfigurationIsVisible = 0;
			defaultConfigurationName = Release;
		};
		45B08679203C8AB100755D32 /* Build configuration list for PBXLegacyTarget "shell" */ = {
			isa = XCConfigurationList;
			buildConfigurations = (
				45B0867A203C8AB100755D32 /* Debug */,
				45B0867B203C8AB100755D32 /* Release */,
			);
			defaultConfigurationIsVisible = 0;
			defaultConfigurationName = Release;
		};
/* End XCConfigurationList section */
	};
	rootObject = 45B0866F203C8AB100755D32 /* Project object */;
}
