
Microsoft Visual Studio Solution File, Format Version 12.00
# Visual Studio 15
VisualStudioVersion = 15.0.27004.2005
MinimumVisualStudioVersion = 10.0.40219.1
Project("{8BC9CEB8-8B4A-11D0-8D11-00A0C91BC942}") = "SDL2", "SDL2\SDL2.vcxproj", "{DD980803-F442-48AF-AC1B-545AFE564C36}"
EndProject
Global
	GlobalSection(SolutionConfigurationPlatforms) = preSolution
		Debug|ARM = Debug|ARM
		Debug|ARM64 = Debug|ARM64
		Debug|x64 = Debug|x64
		Debug|x86 = Debug|x86
		Release|ARM = Release|ARM
		Release|ARM64 = Release|ARM64
		Release|x64 = Release|x64
		Release|x86 = Release|x86
	EndGlobalSection
	GlobalSection(ProjectConfigurationPlatforms) = postSolution
		{DD980803-F442-48AF-AC1B-545AFE564C36}.Debug|ARM.ActiveCfg = Debug|ARM
		{DD980803-F442-48AF-AC1B-545AFE564C36}.Debug|ARM.Build.0 = Debug|ARM
		{DD980803-F442-48AF-AC1B-545AFE564C36}.Debug|ARM64.ActiveCfg = Debug|ARM64
		{DD980803-F442-48AF-AC1B-545AFE564C36}.Debug|ARM64.Build.0 = Debug|ARM64
		{DD980803-F442-48AF-AC1B-545AFE564C36}.Debug|x64.ActiveCfg = Debug|x64
		{DD980803-F442-48AF-AC1B-545AFE564C36}.Debug|x64.Build.0 = Debug|x64
		{DD980803-F442-48AF-AC1B-545AFE564C36}.Debug|x86.ActiveCfg = Debug|x86
		{DD980803-F442-48AF-AC1B-545AFE564C36}.Debug|x86.Build.0 = Debug|x86
		{DD980803-F442-48AF-AC1B-545AFE564C36}.Release|ARM.ActiveCfg = Release|ARM
		{DD980803-F442-48AF-AC1B-545AFE564C36}.Release|ARM.Build.0 = Release|ARM
		{DD980803-F442-48AF-AC1B-545AFE564C36}.Release|ARM64.ActiveCfg = Release|ARM64
		{DD980803-F442-48AF-AC1B-545AFE564C36}.Release|ARM64.Build.0 = Release|ARM64
		{DD980803-F442-48AF-AC1B-545AFE564C36}.Release|x64.ActiveCfg = Release|x64
		{DD980803-F442-48AF-AC1B-545AFE564C36}.Release|x64.Build.0 = Release|x64
		{DD980803-F442-48AF-AC1B-545AFE564C36}.Release|x86.ActiveCfg = Release|x86
		{DD980803-F442-48AF-AC1B-545AFE564C36}.Release|x86.Build.0 = Release|x86
	EndGlobalSection
	GlobalSection(SolutionProperties) = preSolution
		HideSolutionNode = FALSE
	EndGlobalSection
	GlobalSection(ExtensibilityGlobals) = postSolution
		SolutionGuid = {8AF53662-18E5-4CA6-BFBB-51925AC51BE4}
	EndGlobalSection
EndGlobal
