// !$*UTF8*$!
{
	archiveVersion = 1;
	classes = {
	};
	objectVersion = 48;
	objects = {

/* Begin PBXFileReference section */
		45B08656203C8AB100755D32 /* cross.cpp */ = {isa = PBXFileReference; lastKnownFileType = sourcecode.cpp.cpp; path = cross.cpp; sourceTree = "<group>"; };
		45B08657203C8AB100755D32 /* Makefile.am */ = {isa = PBXFileReference; lastKnownFileType = text; path = Makefile.am; sourceTree = "<group>"; };
		45B08658203C8AB100755D32 /* messages.cpp */ = {isa = PBXFileReference; lastKnownFileType = sourcecode.cpp.cpp; path = messages.cpp; sourceTree = "<group>"; };
		45B08659203C8AB100755D32 /* programs.cpp */ = {isa = PBXFileReference; lastKnownFileType = sourcecode.cpp.cpp; path = programs.cpp; sourceTree = "<group>"; };
		45B0865A203C8AB100755D32 /* setup.cpp */ = {isa = PBXFileReference; lastKnownFileType = sourcecode.cpp.cpp; path = setup.cpp; sourceTree = "<group>"; };
		45B0865B203C8AB100755D32 /* support.cpp */ = {isa = PBXFileReference; lastKnownFileType = sourcecode.cpp.cpp; path = support.cpp; sourceTree = "<group>"; };
/* End PBXFileReference section */

/* Begin PBXGroup section */
		45B08650203C8AB100755D32 = {
			isa = PBXGroup;
			children = (
				45B08656203C8AB100755D32 /* cross.cpp */,
				45B08657203C8AB100755D32 /* Makefile.am */,
				45B08658203C8AB100755D32 /* messages.cpp */,
				45B08659203C8AB100755D32 /* programs.cpp */,
				45B0865A203C8AB100755D32 /* setup.cpp */,
				45B0865B203C8AB100755D32 /* support.cpp */,
			);
			sourceTree = "<group>";
		};
/* End PBXGroup section */

/* Begin PBXLegacyTarget section */
		45B08655203C8AB100755D32 /* misc */ = {
			isa = PBXLegacyTarget;
			buildArgumentsString = "$(ACTION)";
			buildConfigurationList = 45B0865C203C8AB100755D32 /* Build configuration list for PBXLegacyTarget "misc" */;
			buildPhases = (
			);
			buildToolPath = /usr/bin/make;
			buildWorkingDirectory = "/Users/Home1/Documents/DosBox-for-Chuck-Jones-Space-Cop-of-the-Future/src/misc";
			dependencies = (
			);
			name = misc;
			passBuildSettingsInEnvironment = 1;
			productName = misc;
		};
/* End PBXLegacyTarget section */

/* Begin PBXProject section */
		45B08651203C8AB100755D32 /* Project object */ = {
			isa = PBXProject;
			attributes = {
			};
			buildConfigurationList = 45B08654203C8AB100755D32 /* Build configuration list for PBXProject "misc" */;
			compatibilityVersion = "Xcode 8.0";
			developmentRegion = en;
			hasScannedForEncodings = 0;
			knownRegions = (
				en,
			);
			mainGroup = 45B08650203C8AB100755D32;
			projectDirPath = "";
			projectRoot = "";
			targets = (
				45B08655203C8AB100755D32 /* misc */,
			);
		};
/* End PBXProject section */

/* Begin XCBuildConfiguration section */
		45B08652203C8AB100755D32 /* Debug */ = {
			isa = XCBuildConfiguration;
			buildSettings = {
				ARCHS = "$(ARCHS_STANDARD_32_BIT)";
				COPY_PHASE_STRIP = NO;
				GCC_WARN_ABOUT_RETURN_TYPE = YES;
				GCC_WARN_UNUSED_VARIABLE = YES;
				ONLY_ACTIVE_ARCH = YES;
				SDKROOT = macosx10.6;
			};
			name = Debug;
		};
		45B08653203C8AB100755D32 /* Release */ = {
			isa = XCBuildConfiguration;
			buildSettings = {
				ARCHS = "$(ARCHS_STANDARD_32_BIT)";
				COPY_PHASE_STRIP = YES;
				GCC_WARN_ABOUT_RETURN_TYPE = YES;
				GCC_WARN_UNUSED_VARIABLE = YES;
				SDKROOT = macosx10.6;
			};
			name = Release;
		};
		45B0865D203C8AB100755D32 /* Debug */ = {
			isa = XCBuildConfiguration;
			buildSettings = {
				COPY_PHASE_STRIP = NO;
				DEBUGGING_SYMBOLS = YES;
				GCC_DYNAMIC_NO_PIC = NO;
				GCC_ENABLE_FIX_AND_CONTINUE = YES;
				GCC_GENERATE_DEBUGGING_SYMBOLS = YES;
				GCC_OPTIMIZATION_LEVEL = 0;
				OTHER_CFLAGS = "";
				OTHER_LDFLAGS = "";
				PRODUCT_NAME = misc;
			};
			name = Debug;
		};
		45B0865E203C8AB100755D32 /* Release */ = {
			isa = XCBuildConfiguration;
			buildSettings = {
				COPY_PHASE_STRIP = YES;
				DEBUG_INFORMATION_FORMAT = "dwarf-with-dsym";
				GCC_ENABLE_FIX_AND_CONTINUE = NO;
				OTHER_CFLAGS = "";
				OTHER_LDFLAGS = "";
				PRODUCT_NAME = misc;
			};
			name = Release;
		};
/* End XCBuildConfiguration section */

/* Begin XCConfigurationList section */
		45B08654203C8AB100755D32 /* Build configuration list for PBXProject "misc" */ = {
			isa = XCConfigurationList;
			buildConfigurations = (
				45B08652203C8AB100755D32 /* Debug */,
				45B08653203C8AB100755D32 /* Release */,
			);
			defaultConfigurationIsVisible = 0;
			defaultConfigurationName = Release;
		};
		45B0865C203C8AB100755D32 /* Build configuration list for PBXLegacyTarget "misc" */ = {
			isa = XCConfigurationList;
			buildConfigurations = (
				45B0865D203C8AB100755D32 /* Debug */,
				45B0865E203C8AB100755D32 /* Release */,
			);
			defaultConfigurationIsVisible = 0;
			defaultConfigurationName = Release;
		};
/* End XCConfigurationList section */
	};
	rootObject = 45B08651203C8AB100755D32 /* Project object */;
}
