Microsoft Visual Studio Solution File, Format Version 12.00
# Visual Studio 15
VisualStudioVersion = 15.0.27130.2026
MinimumVisualStudioVersion = 10.0.40219.1
Project("{8BC9CEB8-8B4A-11D0-8D11-00A0C91BC942}") = "dosbox", "dosbox.vcxproj", "{7FCFFB9B-8629-4D51-849C-8490CECF8AB7}"
EndProject
Project("{2150E333-8FDC-42A3-9474-1A3956D46DE8}") = "android version", "android version", "{C1CACD4C-636C-46F5-8E40-F46328177144}"
	ProjectSection(SolutionItems) = preProject
		Chuck App\res\files\dosbox.conf = Chuck App\res\files\dosbox.conf
	EndProjectSection
EndProject
Project("{8BC9CEB8-8B4A-11D0-8D11-00A0C91BC942}") = "main", "..\android version\android version.NativeActivity\android version.NativeActivity.vcxproj", "{6FA3041B-1FE1-4161-B5AE-3A381E5CE680}"
EndProject
Project("{39E2626F-3545-4960-A6E8-258AD8476CE5}") = "Chuck App", "Chuck App\Chuck App.androidproj", "{65D3013D-285E-496E-8317-6A819FDA29AA}"
EndProject
Project("{8BC9CEB8-8B4A-11D0-8D11-00A0C91BC942}") = "SDL2", "..\..\..\Visual Studio 2017\Projects\SDL2\SDL2\SDL2.vcxproj", "{DD980803-F442-48AF-AC1B-545AFE564C36}"
EndProject
Global
	GlobalSection(SolutionConfigurationPlatforms) = preSolution
		Debug|ARM = Debug|ARM
		Debug|ARM64 = Debug|ARM64
		Debug|x64 = Debug|x64
		Debug|x86 = Debug|x86
		Release|ARM = Release|ARM
		Release|ARM64 = Release|ARM64
		Release|x64 = Release|x64
		Release|x86 = Release|x86
	EndGlobalSection
	GlobalSection(ProjectConfigurationPlatforms) = postSolution
		{7FCFFB9B-8629-4D51-849C-8490CECF8AB7}.Debug|ARM.ActiveCfg = Debug|ARM
		{7FCFFB9B-8629-4D51-849C-8490CECF8AB7}.Debug|ARM.Build.0 = Debug|ARM
		{7FCFFB9B-8629-4D51-849C-8490CECF8AB7}.Debug|ARM64.ActiveCfg = Debug|Win32
		{7FCFFB9B-8629-4D51-849C-8490CECF8AB7}.Debug|x64.ActiveCfg = Debug|x64
		{7FCFFB9B-8629-4D51-849C-8490CECF8AB7}.Debug|x64.Build.0 = Debug|x64
		{7FCFFB9B-8629-4D51-849C-8490CECF8AB7}.Debug|x86.ActiveCfg = Debug|Win32
		{7FCFFB9B-8629-4D51-849C-8490CECF8AB7}.Debug|x86.Build.0 = Debug|Win32
		{7FCFFB9B-8629-4D51-849C-8490CECF8AB7}.Release|ARM.ActiveCfg = Release|ARM
		{7FCFFB9B-8629-4D51-849C-8490CECF8AB7}.Release|ARM.Build.0 = Release|ARM
		{7FCFFB9B-8629-4D51-849C-8490CECF8AB7}.Release|ARM64.ActiveCfg = Release|Win32
		{7FCFFB9B-8629-4D51-849C-8490CECF8AB7}.Release|x64.ActiveCfg = Release|x64
		{7FCFFB9B-8629-4D51-849C-8490CECF8AB7}.Release|x64.Build.0 = Release|x64
		{7FCFFB9B-8629-4D51-849C-8490CECF8AB7}.Release|x86.ActiveCfg = Release|Win32
		{7FCFFB9B-8629-4D51-849C-8490CECF8AB7}.Release|x86.Build.0 = Release|Win32
		{6FA3041B-1FE1-4161-B5AE-3A381E5CE680}.Debug|ARM.ActiveCfg = Debug|ARM
		{6FA3041B-1FE1-4161-B5AE-3A381E5CE680}.Debug|ARM.Build.0 = Debug|ARM
		{6FA3041B-1FE1-4161-B5AE-3A381E5CE680}.Debug|ARM64.ActiveCfg = Debug|ARM64
		{6FA3041B-1FE1-4161-B5AE-3A381E5CE680}.Debug|ARM64.Build.0 = Debug|ARM64
		{6FA3041B-1FE1-4161-B5AE-3A381E5CE680}.Debug|x64.ActiveCfg = Debug|x64
		{6FA3041B-1FE1-4161-B5AE-3A381E5CE680}.Debug|x64.Build.0 = Debug|x64
		{6FA3041B-1FE1-4161-B5AE-3A381E5CE680}.Debug|x86.ActiveCfg = Debug|x86
		{6FA3041B-1FE1-4161-B5AE-3A381E5CE680}.Debug|x86.Build.0 = Debug|x86
		{6FA3041B-1FE1-4161-B5AE-3A381E5CE680}.Release|ARM.ActiveCfg = Release|ARM
		{6FA3041B-1FE1-4161-B5AE-3A381E5CE680}.Release|ARM.Build.0 = Release|ARM
		{6FA3041B-1FE1-4161-B5AE-3A381E5CE680}.Release|ARM64.ActiveCfg = Release|ARM64
		{6FA3041B-1FE1-4161-B5AE-3A381E5CE680}.Release|ARM64.Build.0 = Release|ARM64
		{6FA3041B-1FE1-4161-B5AE-3A381E5CE680}.Release|x64.ActiveCfg = Release|x64
		{6FA3041B-1FE1-4161-B5AE-3A381E5CE680}.Release|x64.Build.0 = Release|x64
		{6FA3041B-1FE1-4161-B5AE-3A381E5CE680}.Release|x86.ActiveCfg = Release|x86
		{6FA3041B-1FE1-4161-B5AE-3A381E5CE680}.Release|x86.Build.0 = Release|x86
		{65D3013D-285E-496E-8317-6A819FDA29AA}.Debug|ARM.ActiveCfg = Debug|ARM
		{65D3013D-285E-496E-8317-6A819FDA29AA}.Debug|ARM.Build.0 = Debug|ARM
		{65D3013D-285E-496E-8317-6A819FDA29AA}.Debug|ARM.Deploy.0 = Debug|ARM
		{65D3013D-285E-496E-8317-6A819FDA29AA}.Debug|ARM64.ActiveCfg = Debug|ARM64
		{65D3013D-285E-496E-8317-6A819FDA29AA}.Debug|ARM64.Build.0 = Debug|ARM64
		{65D3013D-285E-496E-8317-6A819FDA29AA}.Debug|ARM64.Deploy.0 = Debug|ARM64
		{65D3013D-285E-496E-8317-6A819FDA29AA}.Debug|x64.ActiveCfg = Debug|x64
		{65D3013D-285E-496E-8317-6A819FDA29AA}.Debug|x64.Build.0 = Debug|x64
		{65D3013D-285E-496E-8317-6A819FDA29AA}.Debug|x64.Deploy.0 = Debug|x64
		{65D3013D-285E-496E-8317-6A819FDA29AA}.Debug|x86.ActiveCfg = Debug|x86
		{65D3013D-285E-496E-8317-6A819FDA29AA}.Debug|x86.Build.0 = Debug|x86
		{65D3013D-285E-496E-8317-6A819FDA29AA}.Debug|x86.Deploy.0 = Debug|x86
		{65D3013D-285E-496E-8317-6A819FDA29AA}.Release|ARM.ActiveCfg = Release|ARM
		{65D3013D-285E-496E-8317-6A819FDA29AA}.Release|ARM.Build.0 = Release|ARM
		{65D3013D-285E-496E-8317-6A819FDA29AA}.Release|ARM.Deploy.0 = Release|ARM
		{65D3013D-285E-496E-8317-6A819FDA29AA}.Release|ARM64.ActiveCfg = Release|ARM64
		{65D3013D-285E-496E-8317-6A819FDA29AA}.Release|ARM64.Build.0 = Release|ARM64
		{65D3013D-285E-496E-8317-6A819FDA29AA}.Release|ARM64.Deploy.0 = Release|ARM64
		{65D3013D-285E-496E-8317-6A819FDA29AA}.Release|x64.ActiveCfg = Release|x64
		{65D3013D-285E-496E-8317-6A819FDA29AA}.Release|x64.Build.0 = Release|x64
		{65D3013D-285E-496E-8317-6A819FDA29AA}.Release|x64.Deploy.0 = Release|x64
		{65D3013D-285E-496E-8317-6A819FDA29AA}.Release|x86.ActiveCfg = Release|x86
		{65D3013D-285E-496E-8317-6A819FDA29AA}.Release|x86.Build.0 = Release|x86
		{65D3013D-285E-496E-8317-6A819FDA29AA}.Release|x86.Deploy.0 = Release|x86
		{DD980803-F442-48AF-AC1B-545AFE564C36}.Debug|ARM.ActiveCfg = Debug|ARM
		{DD980803-F442-48AF-AC1B-545AFE564C36}.Debug|ARM.Build.0 = Debug|ARM
		{DD980803-F442-48AF-AC1B-545AFE564C36}.Debug|ARM64.ActiveCfg = Debug|ARM64
		{DD980803-F442-48AF-AC1B-545AFE564C36}.Debug|ARM64.Build.0 = Debug|ARM64
		{DD980803-F442-48AF-AC1B-545AFE564C36}.Debug|x64.ActiveCfg = Debug|x64
		{DD980803-F442-48AF-AC1B-545AFE564C36}.Debug|x64.Build.0 = Debug|x64
		{DD980803-F442-48AF-AC1B-545AFE564C36}.Debug|x86.ActiveCfg = Debug|x86
		{DD980803-F442-48AF-AC1B-545AFE564C36}.Debug|x86.Build.0 = Debug|x86
		{DD980803-F442-48AF-AC1B-545AFE564C36}.Release|ARM.ActiveCfg = Release|ARM
		{DD980803-F442-48AF-AC1B-545AFE564C36}.Release|ARM.Build.0 = Release|ARM
		{DD980803-F442-48AF-AC1B-545AFE564C36}.Release|ARM64.ActiveCfg = Release|ARM64
		{DD980803-F442-48AF-AC1B-545AFE564C36}.Release|ARM64.Build.0 = Release|ARM64
		{DD980803-F442-48AF-AC1B-545AFE564C36}.Release|x64.ActiveCfg = Release|x64
		{DD980803-F442-48AF-AC1B-545AFE564C36}.Release|x64.Build.0 = Release|x64
		{DD980803-F442-48AF-AC1B-545AFE564C36}.Release|x86.ActiveCfg = Release|x86
		{DD980803-F442-48AF-AC1B-545AFE564C36}.Release|x86.Build.0 = Release|x86
	EndGlobalSection
	GlobalSection(SolutionProperties) = preSolution
		HideSolutionNode = FALSE
	EndGlobalSection
	GlobalSection(NestedProjects) = preSolution
		{6FA3041B-1FE1-4161-B5AE-3A381E5CE680} = {C1CACD4C-636C-46F5-8E40-F46328177144}
		{65D3013D-285E-496E-8317-6A819FDA29AA} = {C1CACD4C-636C-46F5-8E40-F46328177144}
	EndGlobalSection
	GlobalSection(ExtensibilityGlobals) = postSolution
		SolutionGuid = {71437D8B-15A7-4C16-AA12-3D5F1A680488}
	EndGlobalSection
EndGlobal
